
Microsoft Visual Studio Solution File, Format Version 12.00
# Visual Studio Version 17
VisualStudioVersion = 17.13.35931.197
MinimumVisualStudioVersion = 10.0.40219.1
Project("{FAE04EC0-301F-11D3-BF4B-00C04F79EFBC}") = "Aloe.Utils.Wafu.Date", "Aloe.Utils.Wafu.Date\Aloe.Utils.Wafu.Date.csproj", "{A8F4556E-A77E-FB6A-7FE9-0A53F0DBCDEF}"
EndProject
Project("{FAE04EC0-301F-11D3-BF4B-00C04F79EFBC}") = "Aloe.Utils.Wafu.Date.Tests", "Aloe.Utils.Wafu.Date.Tests\Aloe.Utils.Wafu.Date.Tests.csproj", "{0EA43734-122E-FBD1-EB57-24EF2C89E9A4}"
EndProject
Global
	GlobalSection(SolutionConfigurationPlatforms) = preSolution
		Debug|Any CPU = Debug|Any CPU
		Release|Any CPU = Release|Any CPU
	EndGlobalSection
	GlobalSection(ProjectConfigurationPlatforms) = postSolution
		{A8F4556E-A77E-FB6A-7FE9-0A53F0DBCDEF}.Debug|Any CPU.ActiveCfg = Debug|Any CPU
		{A8F4556E-A77E-FB6A-7FE9-0A53F0DBCDEF}.Debug|Any CPU.Build.0 = Debug|Any CPU
		{A8F4556E-A77E-FB6A-7FE9-0A53F0DBCDEF}.Release|Any CPU.ActiveCfg = Release|Any CPU
		{A8F4556E-A77E-FB6A-7FE9-0A53F0DBCDEF}.Release|Any CPU.Build.0 = Release|Any CPU
		{0EA43734-122E-FBD1-EB57-24EF2C89E9A4}.Debug|Any CPU.ActiveCfg = Debug|Any CPU
		{0EA43734-122E-FBD1-EB57-24EF2C89E9A4}.Debug|Any CPU.Build.0 = Debug|Any CPU
		{0EA43734-122E-FBD1-EB57-24EF2C89E9A4}.Release|Any CPU.ActiveCfg = Release|Any CPU
		{0EA43734-122E-FBD1-EB57-24EF2C89E9A4}.Release|Any CPU.Build.0 = Release|Any CPU
	EndGlobalSection
	GlobalSection(SolutionProperties) = preSolution
		HideSolutionNode = FALSE
	EndGlobalSection
	GlobalSection(ExtensibilityGlobals) = postSolution
		SolutionGuid = {455AFF96-837F-4EE3-A9A4-38F53B326498}
	EndGlobalSection
EndGlobal
